// !$*UTF8*$!
{
	archiveVersion = 1;
	classes = {
	};
	objectVersion = 46;
	objects = {

/* Begin PBXBuildFile section */
		7F0680511C61C17900AB20E9 /* SettingsEmptyViewController.swift in Sources */ = {isa = PBXBuildFile; fileRef = 7F0680501C61C17900AB20E9 /* SettingsEmptyViewController.swift */; };
		7F0680531C62597E00AB20E9 /* CreateAccount2ViewController.swift in Sources */ = {isa = PBXBuildFile; fileRef = 7F0680521C62597E00AB20E9 /* CreateAccount2ViewController.swift */; };
		7F0680551C62598600AB20E9 /* CreateAccount3ViewController.swift in Sources */ = {isa = PBXBuildFile; fileRef = 7F0680541C62598600AB20E9 /* CreateAccount3ViewController.swift */; };
		7F0680571C62598D00AB20E9 /* CreateAccount4ViewController.swift in Sources */ = {isa = PBXBuildFile; fileRef = 7F0680561C62598D00AB20E9 /* CreateAccount4ViewController.swift */; };
		7F0680591C6259A000AB20E9 /* CreateAccount5ViewController.swift in Sources */ = {isa = PBXBuildFile; fileRef = 7F0680581C6259A000AB20E9 /* CreateAccount5ViewController.swift */; };
		7F0680A81C631A9900AB20E9 /* SignIn2ViewController.swift in Sources */ = {isa = PBXBuildFile; fileRef = 7F0680A71C631A9900AB20E9 /* SignIn2ViewController.swift */; };
		7F1E79AE1C610D01005A80D4 /* WelcomeViewController.swift in Sources */ = {isa = PBXBuildFile; fileRef = 7F1E79AD1C610D01005A80D4 /* WelcomeViewController.swift */; };
		7F2DAB761C6191CA00CE70F1 /* CreateaccountViewTermsViewController.swift in Sources */ = {isa = PBXBuildFile; fileRef = 7F2DAB751C6191CA00CE70F1 /* CreateaccountViewTermsViewController.swift */; };
		7F2DAB781C61957200CE70F1 /* SignInViewController.swift in Sources */ = {isa = PBXBuildFile; fileRef = 7F2DAB771C61957200CE70F1 /* SignInViewController.swift */; };
		7F2DAB7A1C61959600CE70F1 /* SignInTroubleViewController.swift in Sources */ = {isa = PBXBuildFile; fileRef = 7F2DAB791C61959600CE70F1 /* SignInTroubleViewController.swift */; };
		7F2DAB7C1C61A82D00CE70F1 /* SettingsViewController.swift in Sources */ = {isa = PBXBuildFile; fileRef = 7F2DAB7B1C61A82D00CE70F1 /* SettingsViewController.swift */; };
		7F2DAB7E1C61A89300CE70F1 /* SettingsExistingViewController.swift in Sources */ = {isa = PBXBuildFile; fileRef = 7F2DAB7D1C61A89300CE70F1 /* SettingsExistingViewController.swift */; };
		7F2DAB801C61B86C00CE70F1 /* NewAccountViewController.swift in Sources */ = {isa = PBXBuildFile; fileRef = 7F2DAB7F1C61B86C00CE70F1 /* NewAccountViewController.swift */; };
		7FA143AF1C611414007A7422 /* SignInRootViewController.swift in Sources */ = {isa = PBXBuildFile; fileRef = 7FA143AE1C611414007A7422 /* SignInRootViewController.swift */; };
		7FA143B11C611434007A7422 /* CreateAccountViewController.swift in Sources */ = {isa = PBXBuildFile; fileRef = 7FA143B01C611434007A7422 /* CreateAccountViewController.swift */; };
		7FAD79491C606140001F31FB /* AppDelegate.swift in Sources */ = {isa = PBXBuildFile; fileRef = 7FAD79481C606140001F31FB /* AppDelegate.swift */; };
		7FAD794B1C606140001F31FB /* ViewController.swift in Sources */ = {isa = PBXBuildFile; fileRef = 7FAD794A1C606140001F31FB /* ViewController.swift */; };
		7FAD794E1C606141001F31FB /* Main.storyboard in Resources */ = {isa = PBXBuildFile; fileRef = 7FAD794C1C606141001F31FB /* Main.storyboard */; };
		7FAD79501C606141001F31FB /* Assets.xcassets in Resources */ = {isa = PBXBuildFile; fileRef = 7FAD794F1C606141001F31FB /* Assets.xcassets */; };
		7FAD79531C606141001F31FB /* LaunchScreen.storyboard in Resources */ = {isa = PBXBuildFile; fileRef = 7FAD79511C606141001F31FB /* LaunchScreen.storyboard */; };
		7FAD795E1C606141001F31FB /* DropboxTests.swift in Sources */ = {isa = PBXBuildFile; fileRef = 7FAD795D1C606141001F31FB /* DropboxTests.swift */; };
		7FAD79691C606141001F31FB /* DropboxUITests.swift in Sources */ = {isa = PBXBuildFile; fileRef = 7FAD79681C606141001F31FB /* DropboxUITests.swift */; };
/* End PBXBuildFile section */

/* Begin PBXContainerItemProxy section */
		7FAD795A1C606141001F31FB /* PBXContainerItemProxy */ = {
			isa = PBXContainerItemProxy;
			containerPortal = 7FAD793D1C606140001F31FB /* Project object */;
			proxyType = 1;
			remoteGlobalIDString = 7FAD79441C606140001F31FB;
			remoteInfo = Dropbox;
		};
		7FAD79651C606141001F31FB /* PBXContainerItemProxy */ = {
			isa = PBXContainerItemProxy;
			containerPortal = 7FAD793D1C606140001F31FB /* Project object */;
			proxyType = 1;
			remoteGlobalIDString = 7FAD79441C606140001F31FB;
			remoteInfo = Dropbox;
		};
/* End PBXContainerItemProxy section */

/* Begin PBXFileReference section */
		7F0680501C61C17900AB20E9 /* SettingsEmptyViewController.swift */ = {isa = PBXFileReference; fileEncoding = 4; lastKnownFileType = sourcecode.swift; path = SettingsEmptyViewController.swift; sourceTree = "<group>"; };
		7F0680521C62597E00AB20E9 /* CreateAccount2ViewController.swift */ = {isa = PBXFileReference; fileEncoding = 4; lastKnownFileType = sourcecode.swift; path = CreateAccount2ViewController.swift; sourceTree = "<group>"; };
		7F0680541C62598600AB20E9 /* CreateAccount3ViewController.swift */ = {isa = PBXFileReference; fileEncoding = 4; lastKnownFileType = sourcecode.swift; path = CreateAccount3ViewController.swift; sourceTree = "<group>"; };
		7F0680561C62598D00AB20E9 /* CreateAccount4ViewController.swift */ = {isa = PBXFileReference; fileEncoding = 4; lastKnownFileType = sourcecode.swift; path = CreateAccount4ViewController.swift; sourceTree = "<group>"; };
		7F0680581C6259A000AB20E9 /* CreateAccount5ViewController.swift */ = {isa = PBXFileReference; fileEncoding = 4; lastKnownFileType = sourcecode.swift; path = CreateAccount5ViewController.swift; sourceTree = "<group>"; };
		7F0680A71C631A9900AB20E9 /* SignIn2ViewController.swift */ = {isa = PBXFileReference; fileEncoding = 4; lastKnownFileType = sourcecode.swift; name = SignIn2ViewController.swift; path = ../SignIn2ViewController.swift; sourceTree = "<group>"; };
		7F1E79AD1C610D01005A80D4 /* WelcomeViewController.swift */ = {isa = PBXFileReference; fileEncoding = 4; lastKnownFileType = sourcecode.swift; path = WelcomeViewController.swift; sourceTree = "<group>"; };
		7F2DAB751C6191CA00CE70F1 /* CreateaccountViewTermsViewController.swift */ = {isa = PBXFileReference; fileEncoding = 4; lastKnownFileType = sourcecode.swift; path = CreateaccountViewTermsViewController.swift; sourceTree = "<group>"; };
		7F2DAB771C61957200CE70F1 /* SignInViewController.swift */ = {isa = PBXFileReference; fileEncoding = 4; lastKnownFileType = sourcecode.swift; path = SignInViewController.swift; sourceTree = "<group>"; };
		7F2DAB791C61959600CE70F1 /* SignInTroubleViewController.swift */ = {isa = PBXFileReference; fileEncoding = 4; lastKnownFileType = sourcecode.swift; path = SignInTroubleViewController.swift; sourceTree = "<group>"; };
		7F2DAB7B1C61A82D00CE70F1 /* SettingsViewController.swift */ = {isa = PBXFileReference; fileEncoding = 4; lastKnownFileType = sourcecode.swift; path = SettingsViewController.swift; sourceTree = "<group>"; };
		7F2DAB7D1C61A89300CE70F1 /* SettingsExistingViewController.swift */ = {isa = PBXFileReference; fileEncoding = 4; lastKnownFileType = sourcecode.swift; path = SettingsExistingViewController.swift; sourceTree = "<group>"; };
		7F2DAB7F1C61B86C00CE70F1 /* NewAccountViewController.swift */ = {isa = PBXFileReference; fileEncoding = 4; lastKnownFileType = sourcecode.swift; path = NewAccountViewController.swift; sourceTree = "<group>"; };
		7FA143AE1C611414007A7422 /* SignInRootViewController.swift */ = {isa = PBXFileReference; fileEncoding = 4; lastKnownFileType = sourcecode.swift; path = SignInRootViewController.swift; sourceTree = "<group>"; };
		7FA143B01C611434007A7422 /* CreateAccountViewController.swift */ = {isa = PBXFileReference; fileEncoding = 4; lastKnownFileType = sourcecode.swift; path = CreateAccountViewController.swift; sourceTree = "<group>"; };
		7FAD79451C606140001F31FB /* Dropbox.app */ = {isa = PBXFileReference; explicitFileType = wrapper.application; includeInIndex = 0; path = Dropbox.app; sourceTree = BUILT_PRODUCTS_DIR; };
		7FAD79481C606140001F31FB /* AppDelegate.swift */ = {isa = PBXFileReference; lastKnownFileType = sourcecode.swift; path = AppDelegate.swift; sourceTree = "<group>"; };
		7FAD794A1C606140001F31FB /* ViewController.swift */ = {isa = PBXFileReference; lastKnownFileType = sourcecode.swift; path = ViewController.swift; sourceTree = "<group>"; };
		7FAD794D1C606141001F31FB /* Base */ = {isa = PBXFileReference; lastKnownFileType = file.storyboard; name = Base; path = Base.lproj/Main.storyboard; sourceTree = "<group>"; };
		7FAD794F1C606141001F31FB /* Assets.xcassets */ = {isa = PBXFileReference; lastKnownFileType = folder.assetcatalog; path = Assets.xcassets; sourceTree = "<group>"; };
		7FAD79521C606141001F31FB /* Base */ = {isa = PBXFileReference; lastKnownFileType = file.storyboard; name = Base; path = Base.lproj/LaunchScreen.storyboard; sourceTree = "<group>"; };
		7FAD79541C606141001F31FB /* Info.plist */ = {isa = PBXFileReference; lastKnownFileType = text.plist.xml; path = Info.plist; sourceTree = "<group>"; };
		7FAD79591C606141001F31FB /* DropboxTests.xctest */ = {isa = PBXFileReference; explicitFileType = wrapper.cfbundle; includeInIndex = 0; path = DropboxTests.xctest; sourceTree = BUILT_PRODUCTS_DIR; };
		7FAD795D1C606141001F31FB /* DropboxTests.swift */ = {isa = PBXFileReference; lastKnownFileType = sourcecode.swift; path = DropboxTests.swift; sourceTree = "<group>"; };
		7FAD795F1C606141001F31FB /* Info.plist */ = {isa = PBXFileReference; lastKnownFileType = text.plist.xml; path = Info.plist; sourceTree = "<group>"; };
		7FAD79641C606141001F31FB /* DropboxUITests.xctest */ = {isa = PBXFileReference; explicitFileType = wrapper.cfbundle; includeInIndex = 0; path = DropboxUITests.xctest; sourceTree = BUILT_PRODUCTS_DIR; };
		7FAD79681C606141001F31FB /* DropboxUITests.swift */ = {isa = PBXFileReference; lastKnownFileType = sourcecode.swift; path = DropboxUITests.swift; sourceTree = "<group>"; };
		7FAD796A1C606141001F31FB /* Info.plist */ = {isa = PBXFileReference; lastKnownFileType = text.plist.xml; path = Info.plist; sourceTree = "<group>"; };
/* End PBXFileReference section */

/* Begin PBXFrameworksBuildPhase section */
		7FAD79421C606140001F31FB /* Frameworks */ = {
			isa = PBXFrameworksBuildPhase;
			buildActionMask = 2147483647;
			files = (
			);
			runOnlyForDeploymentPostprocessing = 0;
		};
		7FAD79561C606141001F31FB /* Frameworks */ = {
			isa = PBXFrameworksBuildPhase;
			buildActionMask = 2147483647;
			files = (
			);
			runOnlyForDeploymentPostprocessing = 0;
		};
		7FAD79611C606141001F31FB /* Frameworks */ = {
			isa = PBXFrameworksBuildPhase;
			buildActionMask = 2147483647;
			files = (
			);
			runOnlyForDeploymentPostprocessing = 0;
		};
/* End PBXFrameworksBuildPhase section */

/* Begin PBXGroup section */
		7F1E79AF1C610D0B005A80D4 /* View Controllers */ = {
			isa = PBXGroup;
			children = (
				7F0680A71C631A9900AB20E9 /* SignIn2ViewController.swift */,
				7F0680581C6259A000AB20E9 /* CreateAccount5ViewController.swift */,
				7F0680521C62597E00AB20E9 /* CreateAccount2ViewController.swift */,
				7F0680541C62598600AB20E9 /* CreateAccount3ViewController.swift */,
				7F0680561C62598D00AB20E9 /* CreateAccount4ViewController.swift */,
				7F2DAB7D1C61A89300CE70F1 /* SettingsExistingViewController.swift */,
				7F0680501C61C17900AB20E9 /* SettingsEmptyViewController.swift */,
				7F2DAB7F1C61B86C00CE70F1 /* NewAccountViewController.swift */,
				7F2DAB7B1C61A82D00CE70F1 /* SettingsViewController.swift */,
				7F2DAB791C61959600CE70F1 /* SignInTroubleViewController.swift */,
				7F2DAB771C61957200CE70F1 /* SignInViewController.swift */,
				7F2DAB751C6191CA00CE70F1 /* CreateaccountViewTermsViewController.swift */,
				7FA143B01C611434007A7422 /* CreateAccountViewController.swift */,
				7FA143AE1C611414007A7422 /* SignInRootViewController.swift */,
				7F1E79AD1C610D01005A80D4 /* WelcomeViewController.swift */,
			);
			name = "View Controllers";
			sourceTree = "<group>";
		};
		7FAD793C1C606140001F31FB = {
			isa = PBXGroup;
			children = (
				7FAD79471C606140001F31FB /* Dropbox */,
				7FAD795C1C606141001F31FB /* DropboxTests */,
				7FAD79671C606141001F31FB /* DropboxUITests */,
				7FAD79461C606140001F31FB /* Products */,
			);
			sourceTree = "<group>";
		};
		7FAD79461C606140001F31FB /* Products */ = {
			isa = PBXGroup;
			children = (
				7FAD79451C606140001F31FB /* Dropbox.app */,
				7FAD79591C606141001F31FB /* DropboxTests.xctest */,
				7FAD79641C606141001F31FB /* DropboxUITests.xctest */,
			);
			name = Products;
			sourceTree = "<group>";
		};
		7FAD79471C606140001F31FB /* Dropbox */ = {
			isa = PBXGroup;
			children = (
				7FAD79481C606140001F31FB /* AppDelegate.swift */,
				7FAD794A1C606140001F31FB /* ViewController.swift */,
				7FAD794C1C606141001F31FB /* Main.storyboard */,
				7F1E79AF1C610D0B005A80D4 /* View Controllers */,
				7FAD794F1C606141001F31FB /* Assets.xcassets */,
				7FAD79511C606141001F31FB /* LaunchScreen.storyboard */,
				7FAD79541C606141001F31FB /* Info.plist */,
			);
			path = Dropbox;
			sourceTree = "<group>";
		};
		7FAD795C1C606141001F31FB /* DropboxTests */ = {
			isa = PBXGroup;
			children = (
				7FAD795D1C606141001F31FB /* DropboxTests.swift */,
				7FAD795F1C606141001F31FB /* Info.plist */,
			);
			path = DropboxTests;
			sourceTree = "<group>";
		};
		7FAD79671C606141001F31FB /* DropboxUITests */ = {
			isa = PBXGroup;
			children = (
				7FAD79681C606141001F31FB /* DropboxUITests.swift */,
				7FAD796A1C606141001F31FB /* Info.plist */,
			);
			path = DropboxUITests;
			sourceTree = "<group>";
		};
/* End PBXGroup section */

/* Begin PBXNativeTarget section */
		7FAD79441C606140001F31FB /* Dropbox */ = {
			isa = PBXNativeTarget;
			buildConfigurationList = 7FAD796D1C606141001F31FB /* Build configuration list for PBXNativeTarget "Dropbox" */;
			buildPhases = (
				7FAD79411C606140001F31FB /* Sources */,
				7FAD79421C606140001F31FB /* Frameworks */,
				7FAD79431C606140001F31FB /* Resources */,
			);
			buildRules = (
			);
			dependencies = (
			);
			name = Dropbox;
			productName = Dropbox;
			productReference = 7FAD79451C606140001F31FB /* Dropbox.app */;
			productType = "com.apple.product-type.application";
		};
		7FAD79581C606141001F31FB /* DropboxTests */ = {
			isa = PBXNativeTarget;
			buildConfigurationList = 7FAD79701C606141001F31FB /* Build configuration list for PBXNativeTarget "DropboxTests" */;
			buildPhases = (
				7FAD79551C606141001F31FB /* Sources */,
				7FAD79561C606141001F31FB /* Frameworks */,
				7FAD79571C606141001F31FB /* Resources */,
			);
			buildRules = (
			);
			dependencies = (
				7FAD795B1C606141001F31FB /* PBXTargetDependency */,
			);
			name = DropboxTests;
			productName = DropboxTests;
			productReference = 7FAD79591C606141001F31FB /* DropboxTests.xctest */;
			productType = "com.apple.product-type.bundle.unit-test";
		};
		7FAD79631C606141001F31FB /* DropboxUITests */ = {
			isa = PBXNativeTarget;
			buildConfigurationList = 7FAD79731C606141001F31FB /* Build configuration list for PBXNativeTarget "DropboxUITests" */;
			buildPhases = (
				7FAD79601C606141001F31FB /* Sources */,
				7FAD79611C606141001F31FB /* Frameworks */,
				7FAD79621C606141001F31FB /* Resources */,
			);
			buildRules = (
			);
			dependencies = (
				7FAD79661C606141001F31FB /* PBXTargetDependency */,
			);
			name = DropboxUITests;
			productName = DropboxUITests;
			productReference = 7FAD79641C606141001F31FB /* DropboxUITests.xctest */;
			productType = "com.apple.product-type.bundle.ui-testing";
		};
/* End PBXNativeTarget section */

/* Begin PBXProject section */
		7FAD793D1C606140001F31FB /* Project object */ = {
			isa = PBXProject;
			attributes = {
				LastSwiftUpdateCheck = 0720;
				LastUpgradeCheck = 0720;
				ORGANIZATIONNAME = plainspace;
				TargetAttributes = {
					7FAD79441C606140001F31FB = {
						CreatedOnToolsVersion = 7.2;
						DevelopmentTeam = 32CJHKMB28;
					};
					7FAD79581C606141001F31FB = {
						CreatedOnToolsVersion = 7.2;
						DevelopmentTeam = 32CJHKMB28;
						TestTargetID = 7FAD79441C606140001F31FB;
					};
					7FAD79631C606141001F31FB = {
						CreatedOnToolsVersion = 7.2;
						DevelopmentTeam = 32CJHKMB28;
						TestTargetID = 7FAD79441C606140001F31FB;
					};
				};
			};
			buildConfigurationList = 7FAD79401C606140001F31FB /* Build configuration list for PBXProject "Dropbox" */;
			compatibilityVersion = "Xcode 3.2";
			developmentRegion = English;
			hasScannedForEncodings = 0;
			knownRegions = (
				en,
				Base,
			);
			mainGroup = 7FAD793C1C606140001F31FB;
			productRefGroup = 7FAD79461C606140001F31FB /* Products */;
			projectDirPath = "";
			projectRoot = "";
			targets = (
				7FAD79441C606140001F31FB /* Dropbox */,
				7FAD79581C606141001F31FB /* DropboxTests */,
				7FAD79631C606141001F31FB /* DropboxUITests */,
			);
		};
/* End PBXProject section */

/* Begin PBXResourcesBuildPhase section */
		7FAD79431C606140001F31FB /* Resources */ = {
			isa = PBXResourcesBuildPhase;
			buildActionMask = 2147483647;
			files = (
				7FAD79531C606141001F31FB /* LaunchScreen.storyboard in Resources */,
				7FAD79501C606141001F31FB /* Assets.xcassets in Resources */,
				7FAD794E1C606141001F31FB /* Main.storyboard in Resources */,
			);
			runOnlyForDeploymentPostprocessing = 0;
		};
		7FAD79571C606141001F31FB /* Resources */ = {
			isa = PBXResourcesBuildPhase;
			buildActionMask = 2147483647;
			files = (
			);
			runOnlyForDeploymentPostprocessing = 0;
		};
		7FAD79621C606141001F31FB /* Resources */ = {
			isa = PBXResourcesBuildPhase;
			buildActionMask = 2147483647;
			files = (
			);
			runOnlyForDeploymentPostprocessing = 0;
		};
/* End PBXResourcesBuildPhase section */

/* Begin PBXSourcesBuildPhase section */
		7FAD79411C606140001F31FB /* Sources */ = {
			isa = PBXSourcesBuildPhase;
			buildActionMask = 2147483647;
			files = (
				7F2DAB7A1C61959600CE70F1 /* SignInTroubleViewController.swift in Sources */,
				7F2DAB781C61957200CE70F1 /* SignInViewController.swift in Sources */,
				7F0680551C62598600AB20E9 /* CreateAccount3ViewController.swift in Sources */,
				7FA143B11C611434007A7422 /* CreateAccountViewController.swift in Sources */,
				7FA143AF1C611414007A7422 /* SignInRootViewController.swift in Sources */,
				7F0680571C62598D00AB20E9 /* CreateAccount4ViewController.swift in Sources */,
				7F1E79AE1C610D01005A80D4 /* WelcomeViewController.swift in Sources */,
				7F0680531C62597E00AB20E9 /* CreateAccount2ViewController.swift in Sources */,
				7F0680511C61C17900AB20E9 /* SettingsEmptyViewController.swift in Sources */,
				7F2DAB801C61B86C00CE70F1 /* NewAccountViewController.swift in Sources */,
				7F0680591C6259A000AB20E9 /* CreateAccount5ViewController.swift in Sources */,
				7FAD794B1C606140001F31FB /* ViewController.swift in Sources */,
				7F0680A81C631A9900AB20E9 /* SignIn2ViewController.swift in Sources */,
				7F2DAB7E1C61A89300CE70F1 /* SettingsExistingViewController.swift in Sources */,
				7FAD79491C606140001F31FB /* AppDelegate.swift in Sources */,
				7F2DAB761C6191CA00CE70F1 /* CreateaccountViewTermsViewController.swift in Sources */,
				7F2DAB7C1C61A82D00CE70F1 /* SettingsViewController.swift in Sources */,
			);
			runOnlyForDeploymentPostprocessing = 0;
		};
		7FAD79551C606141001F31FB /* Sources */ = {
			isa = PBXSourcesBuildPhase;
			buildActionMask = 2147483647;
			files = (
				7FAD795E1C606141001F31FB /* DropboxTests.swift in Sources */,
			);
			runOnlyForDeploymentPostprocessing = 0;
		};
		7FAD79601C606141001F31FB /* Sources */ = {
			isa = PBXSourcesBuildPhase;
			buildActionMask = 2147483647;
			files = (
				7FAD79691C606141001F31FB /* DropboxUITests.swift in Sources */,
			);
			runOnlyForDeploymentPostprocessing = 0;
		};
/* End PBXSourcesBuildPhase section */

/* Begin PBXTargetDependency section */
		7FAD795B1C606141001F31FB /* PBXTargetDependency */ = {
			isa = PBXTargetDependency;
			target = 7FAD79441C606140001F31FB /* Dropbox */;
			targetProxy = 7FAD795A1C606141001F31FB /* PBXContainerItemProxy */;
		};
		7FAD79661C606141001F31FB /* PBXTargetDependency */ = {
			isa = PBXTargetDependency;
			target = 7FAD79441C606140001F31FB /* Dropbox */;
			targetProxy = 7FAD79651C606141001F31FB /* PBXContainerItemProxy */;
		};
/* End PBXTargetDependency section */

/* Begin PBXVariantGroup section */
		7FAD794C1C606141001F31FB /* Main.storyboard */ = {
			isa = PBXVariantGroup;
			children = (
				7FAD794D1C606141001F31FB /* Base */,
			);
			name = Main.storyboard;
			sourceTree = "<group>";
		};
		7FAD79511C606141001F31FB /* LaunchScreen.storyboard */ = {
			isa = PBXVariantGroup;
			children = (
				7FAD79521C606141001F31FB /* Base */,
			);
			name = LaunchScreen.storyboard;
			sourceTree = "<group>";
		};
/* End PBXVariantGroup section */

/* Begin XCBuildConfiguration section */
		7FAD796B1C606141001F31FB /* Debug */ = {
			isa = XCBuildConfiguration;
			buildSettings = {
				ALWAYS_SEARCH_USER_PATHS = NO;
				CLANG_CXX_LANGUAGE_STANDARD = "gnu++0x";
				CLANG_CXX_LIBRARY = "libc++";
				CLANG_ENABLE_MODULES = YES;
				CLANG_ENABLE_OBJC_ARC = YES;
				CLANG_WARN_BOOL_CONVERSION = YES;
				CLANG_WARN_CONSTANT_CONVERSION = YES;
				CLANG_WARN_DIRECT_OBJC_ISA_USAGE = YES_ERROR;
				CLANG_WARN_EMPTY_BODY = YES;
				CLANG_WARN_ENUM_CONVERSION = YES;
				CLANG_WARN_INT_CONVERSION = YES;
				CLANG_WARN_OBJC_ROOT_CLASS = YES_ERROR;
				CLANG_WARN_UNREACHABLE_CODE = YES;
				CLANG_WARN__DUPLICATE_METHOD_MATCH = YES;
				"CODE_SIGN_IDENTITY[sdk=iphoneos*]" = "iPhone Developer";
				COPY_PHASE_STRIP = NO;
				DEBUG_INFORMATION_FORMAT = dwarf;
				ENABLE_STRICT_OBJC_MSGSEND = YES;
				ENABLE_TESTABILITY = YES;
				GCC_C_LANGUAGE_STANDARD = gnu99;
				GCC_DYNAMIC_NO_PIC = NO;
				GCC_NO_COMMON_BLOCKS = YES;
				GCC_OPTIMIZATION_LEVEL = 0;
				GCC_PREPROCESSOR_DEFINITIONS = (
					"DEBUG=1",
					"$(inherited)",
				);
				GCC_WARN_64_TO_32_BIT_CONVERSION = YES;
				GCC_WARN_ABOUT_RETURN_TYPE = YES_ERROR;
				GCC_WARN_UNDECLARED_SELECTOR = YES;
				GCC_WARN_UNINITIALIZED_AUTOS = YES_AGGRESSIVE;
				GCC_WARN_UNUSED_FUNCTION = YES;
				GCC_WARN_UNUSED_VARIABLE = YES;
				IPHONEOS_DEPLOYMENT_TARGET = 9.2;
				MTL_ENABLE_DEBUG_INFO = YES;
				ONLY_ACTIVE_ARCH = YES;
				SDKROOT = iphoneos;
				SWIFT_OPTIMIZATION_LEVEL = "-Onone";
			};
			name = Debug;
		};
		7FAD796C1C606141001F31FB /* Release */ = {
			isa = XCBuildConfiguration;
			buildSettings = {
				ALWAYS_SEARCH_USER_PATHS = NO;
				CLANG_CXX_LANGUAGE_STANDARD = "gnu++0x";
				CLANG_CXX_LIBRARY = "libc++";
				CLANG_ENABLE_MODULES = YES;
				CLANG_ENABLE_OBJC_ARC = YES;
				CLANG_WARN_BOOL_CONVERSION = YES;
				CLANG_WARN_CONSTANT_CONVERSION = YES;
				CLANG_WARN_DIRECT_OBJC_ISA_USAGE = YES_ERROR;
				CLANG_WARN_EMPTY_BODY = YES;
				CLANG_WARN_ENUM_CONVERSION = YES;
				CLANG_WARN_INT_CONVERSION = YES;
				CLANG_WARN_OBJC_ROOT_CLASS = YES_ERROR;
				CLANG_WARN_UNREACHABLE_CODE = YES;
				CLANG_WARN__DUPLICATE_METHOD_MATCH = YES;
				"CODE_SIGN_IDENTITY[sdk=iphoneos*]" = "iPhone Developer";
				COPY_PHASE_STRIP = NO;
				DEBUG_INFORMATION_FORMAT = "dwarf-with-dsym";
				ENABLE_NS_ASSERTIONS = NO;
				ENABLE_STRICT_OBJC_MSGSEND = YES;
				GCC_C_LANGUAGE_STANDARD = gnu99;
				GCC_NO_COMMON_BLOCKS = YES;
				GCC_WARN_64_TO_32_BIT_CONVERSION = YES;
				GCC_WARN_ABOUT_RETURN_TYPE = YES_ERROR;
				GCC_WARN_UNDECLARED_SELECTOR = YES;
				GCC_WARN_UNINITIALIZED_AUTOS = YES_AGGRESSIVE;
				GCC_WARN_UNUSED_FUNCTION = YES;
				GCC_WARN_UNUSED_VARIABLE = YES;
				IPHONEOS_DEPLOYMENT_TARGET = 9.2;
				MTL_ENABLE_DEBUG_INFO = NO;
				SDKROOT = iphoneos;
				VALIDATE_PRODUCT = YES;
			};
			name = Release;
		};
		7FAD796E1C606141001F31FB /* Debug */ = {
			isa = XCBuildConfiguration;
			buildSettings = {
				ASSETCATALOG_COMPILER_APPICON_NAME = AppIcon;
				INFOPLIST_FILE = Dropbox/Info.plist;
				LD_RUNPATH_SEARCH_PATHS = "$(inherited) @executable_path/Frameworks";
				PRODUCT_BUNDLE_IDENTIFIER = plainspace.Dropbox;
				PRODUCT_NAME = "$(TARGET_NAME)";
			};
			name = Debug;
		};
		7FAD796F1C606141001F31FB /* Release */ = {
			isa = XCBuildConfiguration;
			buildSettings = {
				ASSETCATALOG_COMPILER_APPICON_NAME = AppIcon;
				INFOPLIST_FILE = Dropbox/Info.plist;
				LD_RUNPATH_SEARCH_PATHS = "$(inherited) @executable_path/Frameworks";
				PRODUCT_BUNDLE_IDENTIFIER = plainspace.Dropbox;
				PRODUCT_NAME = "$(TARGET_NAME)";
			};
			name = Release;
		};
		7FAD79711C606141001F31FB /* Debug */ = {
			isa = XCBuildConfiguration;
			buildSettings = {
				BUNDLE_LOADER = "$(TEST_HOST)";
				INFOPLIST_FILE = DropboxTests/Info.plist;
				LD_RUNPATH_SEARCH_PATHS = "$(inherited) @executable_path/Frameworks @loader_path/Frameworks";
				PRODUCT_BUNDLE_IDENTIFIER = plainspace.DropboxTests;
				PRODUCT_NAME = "$(TARGET_NAME)";
				TEST_HOST = "$(BUILT_PRODUCTS_DIR)/Dropbox.app/Dropbox";
			};
			name = Debug;
		};
		7FAD79721C606141001F31FB /* Release */ = {
			isa = XCBuildConfiguration;
			buildSettings = {
				BUNDLE_LOADER = "$(TEST_HOST)";
				INFOPLIST_FILE = DropboxTests/Info.plist;
				LD_RUNPATH_SEARCH_PATHS = "$(inherited) @executable_path/Frameworks @loader_path/Frameworks";
				PRODUCT_BUNDLE_IDENTIFIER = plainspace.DropboxTests;
				PRODUCT_NAME = "$(TARGET_NAME)";
				TEST_HOST = "$(BUILT_PRODUCTS_DIR)/Dropbox.app/Dropbox";
			};
			name = Release;
		};
		7FAD79741C606141001F31FB /* Debug */ = {
			isa = XCBuildConfiguration;
			buildSettings = {
				INFOPLIST_FILE = DropboxUITests/Info.plist;
				LD_RUNPATH_SEARCH_PATHS = "$(inherited) @executable_path/Frameworks @loader_path/Frameworks";
				PRODUCT_BUNDLE_IDENTIFIER = plainspace.DropboxUITests;
				PRODUCT_NAME = "$(TARGET_NAME)";
				TEST_TARGET_NAME = Dropbox;
				USES_XCTRUNNER = YES;
			};
			name = Debug;
		};
		7FAD79751C606141001F31FB /* Release */ = {
			isa = XCBuildConfiguration;
			buildSettings = {
				INFOPLIST_FILE = DropboxUITests/Info.plist;
				LD_RUNPATH_SEARCH_PATHS = "$(inherited) @executable_path/Frameworks @loader_path/Frameworks";
				PRODUCT_BUNDLE_IDENTIFIER = plainspace.DropboxUITests;
				PRODUCT_NAME = "$(TARGET_NAME)";
				TEST_TARGET_NAME = Dropbox;
				USES_XCTRUNNER = YES;
			};
			name = Release;
		};
/* End XCBuildConfiguration section */

/* Begin XCConfigurationList section */
		7FAD79401C606140001F31FB /* Build configuration list for PBXProject "Dropbox" */ = {
			isa = XCConfigurationList;
			buildConfigurations = (
				7FAD796B1C606141001F31FB /* Debug */,
				7FAD796C1C606141001F31FB /* Release */,
			);
			defaultConfigurationIsVisible = 0;
			defaultConfigurationName = Release;
		};
		7FAD796D1C606141001F31FB /* Build configuration list for PBXNativeTarget "Dropbox" */ = {
			isa = XCConfigurationList;
			buildConfigurations = (
				7FAD796E1C606141001F31FB /* Debug */,
				7FAD796F1C606141001F31FB /* Release */,
			);
			defaultConfigurationIsVisible = 0;
			defaultConfigurationName = Release;
		};
		7FAD79701C606141001F31FB /* Build configuration list for PBXNativeTarget "DropboxTests" */ = {
			isa = XCConfigurationList;
			buildConfigurations = (
				7FAD79711C606141001F31FB /* Debug */,
				7FAD79721C606141001F31FB /* Release */,
			);
			defaultConfigurationIsVisible = 0;
			defaultConfigurationName = Release;
		};
		7FAD79731C606141001F31FB /* Build configuration list for PBXNativeTarget "DropboxUITests" */ = {
			isa = XCConfigurationList;
			buildConfigurations = (
				7FAD79741C606141001F31FB /* Debug */,
				7FAD79751C606141001F31FB /* Release */,
			);
			defaultConfigurationIsVisible = 0;
			defaultConfigurationName = Release;
		};
/* End XCConfigurationList section */
	};
	rootObject = 7FAD793D1C606140001F31FB /* Project object */;
}
